
Microsoft Visual Studio Solution File, Format Version 12.00
# Visual Studio Version 16
VisualStudioVersion = 16.0.29306.81
MinimumVisualStudioVersion = 10.0.40219.1
Project("{FAE04EC0-301F-11D3-BF4B-00C04F79EFBC}") = "Graal.Library.Common", "Graal.Library.Common\Graal.Library.Common.csproj", "{75F3A362-0F1E-4809-A876-F23AD62DD8F2}"
EndProject
Project("{FAE04EC0-301F-11D3-BF4B-00C04F79EFBC}") = "Graal.Library.Storage.Common", "Graal.Library.Storage.Common\Graal.Library.Storage.Common.csproj", "{74B25759-6B1C-4BB3-8682-5CA922327B80}"
EndProject
Project("{FAE04EC0-301F-11D3-BF4B-00C04F79EFBC}") = "Graal.Library.Storage.Quotes", "Graal.Library.Storage.Quotes\Graal.Library.Storage.Quotes.csproj", "{7A43A2E7-7C9C-46C5-9A87-46C46E0E495B}"
EndProject
Global
	GlobalSection(SolutionConfigurationPlatforms) = preSolution
		Debug|Any CPU = Debug|Any CPU
		Release|Any CPU = Release|Any CPU
	EndGlobalSection
	GlobalSection(ProjectConfigurationPlatforms) = postSolution
		{75F3A362-0F1E-4809-A876-F23AD62DD8F2}.Debug|Any CPU.ActiveCfg = Debug|Any CPU
		{75F3A362-0F1E-4809-A876-F23AD62DD8F2}.Debug|Any CPU.Build.0 = Debug|Any CPU
		{75F3A362-0F1E-4809-A876-F23AD62DD8F2}.Release|Any CPU.ActiveCfg = Release|Any CPU
		{75F3A362-0F1E-4809-A876-F23AD62DD8F2}.Release|Any CPU.Build.0 = Release|Any CPU
		{74B25759-6B1C-4BB3-8682-5CA922327B80}.Debug|Any CPU.ActiveCfg = Debug|Any CPU
		{74B25759-6B1C-4BB3-8682-5CA922327B80}.Debug|Any CPU.Build.0 = Debug|Any CPU
		{74B25759-6B1C-4BB3-8682-5CA922327B80}.Release|Any CPU.ActiveCfg = Release|Any CPU
		{74B25759-6B1C-4BB3-8682-5CA922327B80}.Release|Any CPU.Build.0 = Release|Any CPU
		{7A43A2E7-7C9C-46C5-9A87-46C46E0E495B}.Debug|Any CPU.ActiveCfg = Debug|Any CPU
		{7A43A2E7-7C9C-46C5-9A87-46C46E0E495B}.Debug|Any CPU.Build.0 = Debug|Any CPU
		{7A43A2E7-7C9C-46C5-9A87-46C46E0E495B}.Release|Any CPU.ActiveCfg = Release|Any CPU
		{7A43A2E7-7C9C-46C5-9A87-46C46E0E495B}.Release|Any CPU.Build.0 = Release|Any CPU
	EndGlobalSection
	GlobalSection(SolutionProperties) = preSolution
		HideSolutionNode = FALSE
	EndGlobalSection
	GlobalSection(ExtensibilityGlobals) = postSolution
		SolutionGuid = {F0F244CB-EB97-4611-8DC2-75FFC98D7D0F}
	EndGlobalSection
EndGlobal
